# This file was autogenerated by Stack.
# You should not edit this file by hand.
# For more information, please see the documentation at:
#   https://docs.haskellstack.org/en/stable/lock_files

packages:
- completed:
    hackage: haddock-api-2.27.0@sha256:3cd85ab0a73705623f2f54e36cb60c922a0b37ef057e0f59d4ffb31e13daf86a,6156
    pantry-tree:
      sha256: 0dfec64bf7fff73465c8efe029f96c67159545829cd61d168d691721655ddf2b
      size: 4598
  original:
    hackage: haddock-api-2.27.0
snapshots:
- completed:
    sha256: e7b1e93539e52781bae9a8324710fd7a876a4606b9e17ff9efb7bd6a99d837c7
    size: 624785
    url: https://raw.githubusercontent.com/commercialhaskell/stackage-snapshots/master/nightly/2023/5/2.yaml
  original: nightly-2023-05-02
